
Microsoft Visual Studio Solution File, Format Version 12.00
# Visual Studio Version 17
VisualStudioVersion = 17.0.31611.283
MinimumVisualStudioVersion = 10.0.40219.1
Project("{9A19103F-16F7-4668-BE54-9A1E7A4F7556}") = "PocMaui", "PocMaui\PocMaui.csproj", "{665E99BF-F535-4BC0-A880-9DF3DE2D0A1C}"
EndProject
Project("{FAE04EC0-301F-11D3-BF4B-00C04F79EFBC}") = "PocMaui.Models", "PocMaui.Models\PocMaui.Models.csproj", "{354D53B2-86BD-473B-AE5F-A530632A99E8}"
EndProject
Global
	GlobalSection(SolutionConfigurationPlatforms) = preSolution
		Debug|Any CPU = Debug|Any CPU
		Release|Any CPU = Release|Any CPU
	EndGlobalSection
	GlobalSection(ProjectConfigurationPlatforms) = postSolution
		{665E99BF-F535-4BC0-A880-9DF3DE2D0A1C}.Debug|Any CPU.ActiveCfg = Debug|Any CPU
		{665E99BF-F535-4BC0-A880-9DF3DE2D0A1C}.Debug|Any CPU.Build.0 = Debug|Any CPU
		{665E99BF-F535-4BC0-A880-9DF3DE2D0A1C}.Debug|Any CPU.Deploy.0 = Debug|Any CPU
		{665E99BF-F535-4BC0-A880-9DF3DE2D0A1C}.Release|Any CPU.ActiveCfg = Release|Any CPU
		{665E99BF-F535-4BC0-A880-9DF3DE2D0A1C}.Release|Any CPU.Build.0 = Release|Any CPU
		{665E99BF-F535-4BC0-A880-9DF3DE2D0A1C}.Release|Any CPU.Deploy.0 = Release|Any CPU
		{354D53B2-86BD-473B-AE5F-A530632A99E8}.Debug|Any CPU.ActiveCfg = Debug|Any CPU
		{354D53B2-86BD-473B-AE5F-A530632A99E8}.Debug|Any CPU.Build.0 = Debug|Any CPU
		{354D53B2-86BD-473B-AE5F-A530632A99E8}.Release|Any CPU.ActiveCfg = Release|Any CPU
		{354D53B2-86BD-473B-AE5F-A530632A99E8}.Release|Any CPU.Build.0 = Release|Any CPU
	EndGlobalSection
	GlobalSection(SolutionProperties) = preSolution
		HideSolutionNode = FALSE
	EndGlobalSection
	GlobalSection(ExtensibilityGlobals) = postSolution
		SolutionGuid = {61F7FB11-1E47-470C-91E2-47F8143E1572}
	EndGlobalSection
EndGlobal
